
Microsoft Visual Studio Solution File, Format Version 12.00
# Visual Studio Version 17
VisualStudioVersion = 17.0.31903.59
MinimumVisualStudioVersion = 10.0.40219.1
Project("{2150E333-8FDC-42A3-9474-1A3956D46DE8}") = "apps", "apps", "{B2D7DE3D-384A-4D71-B1AF-0A83AE5E04D8}"
EndProject
Project("{FAE04EC0-301F-11D3-BF4B-00C04F79EFBC}") = "BangaloreTaxi.Api", "apps\api\BangaloreTaxi.Api.csproj", "{DF1CEBBD-A498-4A5F-9A53-FD4A0D0AE8AA}"
EndProject
Project("{2150E333-8FDC-42A3-9474-1A3956D46DE8}") = "tests", "tests", "{F3217376-0D4A-44FC-8705-D5D6EA900752}"
EndProject
Project("{FAE04EC0-301F-11D3-BF4B-00C04F79EFBC}") = "BangaloreTaxi.UnitTests", "tests\unit\BangaloreTaxi.UnitTests.csproj", "{714496A0-1210-4B56-9352-1D03D4B40594}"
EndProject
Project("{FAE04EC0-301F-11D3-BF4B-00C04F79EFBC}") = "BangaloreTaxi.IntegrationTests", "tests\integration\BangaloreTaxi.IntegrationTests.csproj", "{AB06F582-965A-4763-8CB9-2549F26899AD}"
EndProject
Global
	GlobalSection(SolutionConfigurationPlatforms) = preSolution
		Debug|Any CPU = Debug|Any CPU
		Release|Any CPU = Release|Any CPU
	EndGlobalSection
	GlobalSection(SolutionProperties) = preSolution
		HideSolutionNode = FALSE
	EndGlobalSection
	GlobalSection(ProjectConfigurationPlatforms) = postSolution
		{DF1CEBBD-A498-4A5F-9A53-FD4A0D0AE8AA}.Debug|Any CPU.ActiveCfg = Debug|Any CPU
		{DF1CEBBD-A498-4A5F-9A53-FD4A0D0AE8AA}.Debug|Any CPU.Build.0 = Debug|Any CPU
		{DF1CEBBD-A498-4A5F-9A53-FD4A0D0AE8AA}.Release|Any CPU.ActiveCfg = Release|Any CPU
		{DF1CEBBD-A498-4A5F-9A53-FD4A0D0AE8AA}.Release|Any CPU.Build.0 = Release|Any CPU
		{714496A0-1210-4B56-9352-1D03D4B40594}.Debug|Any CPU.ActiveCfg = Debug|Any CPU
		{714496A0-1210-4B56-9352-1D03D4B40594}.Debug|Any CPU.Build.0 = Debug|Any CPU
		{714496A0-1210-4B56-9352-1D03D4B40594}.Release|Any CPU.ActiveCfg = Release|Any CPU
		{714496A0-1210-4B56-9352-1D03D4B40594}.Release|Any CPU.Build.0 = Release|Any CPU
		{AB06F582-965A-4763-8CB9-2549F26899AD}.Debug|Any CPU.ActiveCfg = Debug|Any CPU
		{AB06F582-965A-4763-8CB9-2549F26899AD}.Debug|Any CPU.Build.0 = Debug|Any CPU
		{AB06F582-965A-4763-8CB9-2549F26899AD}.Release|Any CPU.ActiveCfg = Release|Any CPU
		{AB06F582-965A-4763-8CB9-2549F26899AD}.Release|Any CPU.Build.0 = Release|Any CPU
	EndGlobalSection
	GlobalSection(NestedProjects) = preSolution
		{DF1CEBBD-A498-4A5F-9A53-FD4A0D0AE8AA} = {B2D7DE3D-384A-4D71-B1AF-0A83AE5E04D8}
		{714496A0-1210-4B56-9352-1D03D4B40594} = {F3217376-0D4A-44FC-8705-D5D6EA900752}
		{AB06F582-965A-4763-8CB9-2549F26899AD} = {F3217376-0D4A-44FC-8705-D5D6EA900752}
	EndGlobalSection
EndGlobal
